
Microsoft Visual Studio Solution File, Format Version 12.00
Project("{FAE04EC0-301F-11D3-BF4B-00C04F79EFBC}") = "TimeShitApp", "TimeShitApp\TimeShitApp.csproj", "{76B99F8A-3030-4080-9662-CAF707C42520}"
EndProject
Global
	GlobalSection(SolutionConfigurationPlatforms) = preSolution
		Debug|Any CPU = Debug|Any CPU
		Release|Any CPU = Release|Any CPU
	EndGlobalSection
	GlobalSection(ProjectConfigurationPlatforms) = postSolution
		{76B99F8A-3030-4080-9662-CAF707C42520}.Debug|Any CPU.ActiveCfg = Debug|Any CPU
		{76B99F8A-3030-4080-9662-CAF707C42520}.Debug|Any CPU.Build.0 = Debug|Any CPU
		{76B99F8A-3030-4080-9662-CAF707C42520}.Release|Any CPU.ActiveCfg = Release|Any CPU
		{76B99F8A-3030-4080-9662-CAF707C42520}.Release|Any CPU.Build.0 = Release|Any CPU
	EndGlobalSection
EndGlobal
